
Microsoft Visual Studio Solution File, Format Version 12.00
# Visual Studio 15
VisualStudioVersion = 15.0.27703.2042
MinimumVisualStudioVersion = 10.0.40219.1
Project("{8BC9CEB8-8B4A-11D0-8D11-00A0C91BC942}") = "ConsoleApplication1", "ConsoleApplication1\ConsoleApplication1.vcxproj", "{657C3D34-34DC-43A4-A9F6-686C6078A076}"
EndProject
Global
	GlobalSection(SolutionConfigurationPlatforms) = preSolution
		Debug|x64 = Debug|x64
		Debug|x86 = Debug|x86
		Release|x64 = Release|x64
		Release|x86 = Release|x86
	EndGlobalSection
	GlobalSection(ProjectConfigurationPlatforms) = postSolution
		{657C3D34-34DC-43A4-A9F6-686C6078A076}.Debug|x64.ActiveCfg = Debug|x64
		{657C3D34-34DC-43A4-A9F6-686C6078A076}.Debug|x64.Build.0 = Debug|x64
		{657C3D34-34DC-43A4-A9F6-686C6078A076}.Debug|x86.ActiveCfg = Debug|Win32
		{657C3D34-34DC-43A4-A9F6-686C6078A076}.Debug|x86.Build.0 = Debug|Win32
		{657C3D34-34DC-43A4-A9F6-686C6078A076}.Release|x64.ActiveCfg = Release|x64
		{657C3D34-34DC-43A4-A9F6-686C6078A076}.Release|x64.Build.0 = Release|x64
		{657C3D34-34DC-43A4-A9F6-686C6078A076}.Release|x86.ActiveCfg = Release|Win32
		{657C3D34-34DC-43A4-A9F6-686C6078A076}.Release|x86.Build.0 = Release|Win32
	EndGlobalSection
	GlobalSection(SolutionProperties) = preSolution
		HideSolutionNode = FALSE
	EndGlobalSection
	GlobalSection(ExtensibilityGlobals) = postSolution
		SolutionGuid = {6ADD7181-4A53-4872-BEAD-0065C805503F}
	EndGlobalSection
EndGlobal
